// !$*UTF8*$!
{
	archiveVersion = 1;
	classes = {
	};
	objectVersion = 46;
	objects = {

/* Begin PBXBuildFile section */
		502C25241717C409001D15D3 /* ioapi.c in Sources */ = {isa = PBXBuildFile; fileRef = 502C251A1717C409001D15D3 /* ioapi.c */; };
		502C25251717C409001D15D3 /* mztools.c in Sources */ = {isa = PBXBuildFile; fileRef = 502C251C1717C409001D15D3 /* mztools.c */; };
		502C25261717C409001D15D3 /* unzip.c in Sources */ = {isa = PBXBuildFile; fileRef = 502C251E1717C409001D15D3 /* unzip.c */; };
		502C25271717C409001D15D3 /* zip.c in Sources */ = {isa = PBXBuildFile; fileRef = 502C25201717C409001D15D3 /* zip.c */; };
		502C25281717C409001D15D3 /* ZipArchive.mm in Sources */ = {isa = PBXBuildFile; fileRef = 502C25231717C409001D15D3 /* ZipArchive.mm */; };
		502C252C1717C5BB001D15D3 /* libz.1.2.5.dylib in Frameworks */ = {isa = PBXBuildFile; fileRef = 502C252B1717C5BB001D15D3 /* libz.1.2.5.dylib */; };
		503AB00D17172620000B5E83 /* UIKit.framework in Frameworks */ = {isa = PBXBuildFile; fileRef = 503AB00C17172620000B5E83 /* UIKit.framework */; };
		503AB00F17172620000B5E83 /* Foundation.framework in Frameworks */ = {isa = PBXBuildFile; fileRef = 503AB00E17172620000B5E83 /* Foundation.framework */; };
		503AB01117172620000B5E83 /* CoreGraphics.framework in Frameworks */ = {isa = PBXBuildFile; fileRef = 503AB01017172620000B5E83 /* CoreGraphics.framework */; };
		503AB01717172620000B5E83 /* InfoPlist.strings in Resources */ = {isa = PBXBuildFile; fileRef = 503AB01517172620000B5E83 /* InfoPlist.strings */; };
		503AB01917172620000B5E83 /* main.m in Sources */ = {isa = PBXBuildFile; fileRef = 503AB01817172620000B5E83 /* main.m */; };
		503AB01D17172620000B5E83 /* AppDelegate.m in Sources */ = {isa = PBXBuildFile; fileRef = 503AB01C17172620000B5E83 /* AppDelegate.m */; };
		503AB01F17172620000B5E83 /* Default.png in Resources */ = {isa = PBXBuildFile; fileRef = 503AB01E17172620000B5E83 /* Default.png */; };
		503AB02117172620000B5E83 /* Default@2x.png in Resources */ = {isa = PBXBuildFile; fileRef = 503AB02017172620000B5E83 /* Default@2x.png */; };
		503AB02317172620000B5E83 /* Default-568h@2x.png in Resources */ = {isa = PBXBuildFile; fileRef = 503AB02217172620000B5E83 /* Default-568h@2x.png */; };
		503AB02617172620000B5E83 /* ViewController.m in Sources */ = {isa = PBXBuildFile; fileRef = 503AB02517172620000B5E83 /* ViewController.m */; };
		503AB02917172620000B5E83 /* ViewController.xib in Resources */ = {isa = PBXBuildFile; fileRef = 503AB02717172620000B5E83 /* ViewController.xib */; };
/* End PBXBuildFile section */

/* Begin PBXFileReference section */
		502C25191717C409001D15D3 /* crypt.h */ = {isa = PBXFileReference; fileEncoding = 4; lastKnownFileType = sourcecode.c.h; path = crypt.h; sourceTree = "<group>"; };
		502C251A1717C409001D15D3 /* ioapi.c */ = {isa = PBXFileReference; fileEncoding = 4; lastKnownFileType = sourcecode.c.c; path = ioapi.c; sourceTree = "<group>"; };
		502C251B1717C409001D15D3 /* ioapi.h */ = {isa = PBXFileReference; fileEncoding = 4; lastKnownFileType = sourcecode.c.h; path = ioapi.h; sourceTree = "<group>"; };
		502C251C1717C409001D15D3 /* mztools.c */ = {isa = PBXFileReference; fileEncoding = 4; lastKnownFileType = sourcecode.c.c; path = mztools.c; sourceTree = "<group>"; };
		502C251D1717C409001D15D3 /* mztools.h */ = {isa = PBXFileReference; fileEncoding = 4; lastKnownFileType = sourcecode.c.h; path = mztools.h; sourceTree = "<group>"; };
		502C251E1717C409001D15D3 /* unzip.c */ = {isa = PBXFileReference; fileEncoding = 4; lastKnownFileType = sourcecode.c.c; path = unzip.c; sourceTree = "<group>"; };
		502C251F1717C409001D15D3 /* unzip.h */ = {isa = PBXFileReference; fileEncoding = 4; lastKnownFileType = sourcecode.c.h; path = unzip.h; sourceTree = "<group>"; };
		502C25201717C409001D15D3 /* zip.c */ = {isa = PBXFileReference; fileEncoding = 4; lastKnownFileType = sourcecode.c.c; path = zip.c; sourceTree = "<group>"; };
		502C25211717C409001D15D3 /* zip.h */ = {isa = PBXFileReference; fileEncoding = 4; lastKnownFileType = sourcecode.c.h; path = zip.h; sourceTree = "<group>"; };
		502C25221717C409001D15D3 /* ZipArchive.h */ = {isa = PBXFileReference; fileEncoding = 4; lastKnownFileType = sourcecode.c.h; path = ZipArchive.h; sourceTree = "<group>"; };
		502C25231717C409001D15D3 /* ZipArchive.mm */ = {isa = PBXFileReference; fileEncoding = 4; lastKnownFileType = sourcecode.cpp.objcpp; path = ZipArchive.mm; sourceTree = "<group>"; };
		502C252B1717C5BB001D15D3 /* libz.1.2.5.dylib */ = {isa = PBXFileReference; lastKnownFileType = "compiled.mach-o.dylib"; name = libz.1.2.5.dylib; path = usr/lib/libz.1.2.5.dylib; sourceTree = SDKROOT; };
		503AB00917172620000B5E83 /* DownloadZip.app */ = {isa = PBXFileReference; explicitFileType = wrapper.application; includeInIndex = 0; path = DownloadZip.app; sourceTree = BUILT_PRODUCTS_DIR; };
		503AB00C17172620000B5E83 /* UIKit.framework */ = {isa = PBXFileReference; lastKnownFileType = wrapper.framework; name = UIKit.framework; path = System/Library/Frameworks/UIKit.framework; sourceTree = SDKROOT; };
		503AB00E17172620000B5E83 /* Foundation.framework */ = {isa = PBXFileReference; lastKnownFileType = wrapper.framework; name = Foundation.framework; path = System/Library/Frameworks/Foundation.framework; sourceTree = SDKROOT; };
		503AB01017172620000B5E83 /* CoreGraphics.framework */ = {isa = PBXFileReference; lastKnownFileType = wrapper.framework; name = CoreGraphics.framework; path = System/Library/Frameworks/CoreGraphics.framework; sourceTree = SDKROOT; };
		503AB01417172620000B5E83 /* DownloadZip-Info.plist */ = {isa = PBXFileReference; lastKnownFileType = text.plist.xml; path = "DownloadZip-Info.plist"; sourceTree = "<group>"; };
		503AB01617172620000B5E83 /* en */ = {isa = PBXFileReference; lastKnownFileType = text.plist.strings; name = en; path = en.lproj/InfoPlist.strings; sourceTree = "<group>"; };
		503AB01817172620000B5E83 /* main.m */ = {isa = PBXFileReference; lastKnownFileType = sourcecode.c.objc; path = main.m; sourceTree = "<group>"; };
		503AB01A17172620000B5E83 /* DownloadZip-Prefix.pch */ = {isa = PBXFileReference; lastKnownFileType = sourcecode.c.h; path = "DownloadZip-Prefix.pch"; sourceTree = "<group>"; };
		503AB01B17172620000B5E83 /* AppDelegate.h */ = {isa = PBXFileReference; lastKnownFileType = sourcecode.c.h; path = AppDelegate.h; sourceTree = "<group>"; };
		503AB01C17172620000B5E83 /* AppDelegate.m */ = {isa = PBXFileReference; lastKnownFileType = sourcecode.c.objc; path = AppDelegate.m; sourceTree = "<group>"; };
		503AB01E17172620000B5E83 /* Default.png */ = {isa = PBXFileReference; lastKnownFileType = image.png; path = Default.png; sourceTree = "<group>"; };
		503AB02017172620000B5E83 /* Default@2x.png */ = {isa = PBXFileReference; lastKnownFileType = image.png; path = "Default@2x.png"; sourceTree = "<group>"; };
		503AB02217172620000B5E83 /* Default-568h@2x.png */ = {isa = PBXFileReference; lastKnownFileType = image.png; path = "Default-568h@2x.png"; sourceTree = "<group>"; };
		503AB02417172620000B5E83 /* ViewController.h */ = {isa = PBXFileReference; lastKnownFileType = sourcecode.c.h; path = ViewController.h; sourceTree = "<group>"; };
		503AB02517172620000B5E83 /* ViewController.m */ = {isa = PBXFileReference; lastKnownFileType = sourcecode.c.objc; path = ViewController.m; sourceTree = "<group>"; };
		503AB02817172620000B5E83 /* en */ = {isa = PBXFileReference; lastKnownFileType = file.xib; name = en; path = en.lproj/ViewController.xib; sourceTree = "<group>"; };
/* End PBXFileReference section */

/* Begin PBXFrameworksBuildPhase section */
		503AB00617172620000B5E83 /* Frameworks */ = {
			isa = PBXFrameworksBuildPhase;
			buildActionMask = 2147483647;
			files = (
				502C252C1717C5BB001D15D3 /* libz.1.2.5.dylib in Frameworks */,
				503AB00D17172620000B5E83 /* UIKit.framework in Frameworks */,
				503AB00F17172620000B5E83 /* Foundation.framework in Frameworks */,
				503AB01117172620000B5E83 /* CoreGraphics.framework in Frameworks */,
			);
			runOnlyForDeploymentPostprocessing = 0;
		};
/* End PBXFrameworksBuildPhase section */

/* Begin PBXGroup section */
		502C25181717C409001D15D3 /* minizip */ = {
			isa = PBXGroup;
			children = (
				502C25191717C409001D15D3 /* crypt.h */,
				502C251A1717C409001D15D3 /* ioapi.c */,
				502C251B1717C409001D15D3 /* ioapi.h */,
				502C251C1717C409001D15D3 /* mztools.c */,
				502C251D1717C409001D15D3 /* mztools.h */,
				502C251E1717C409001D15D3 /* unzip.c */,
				502C251F1717C409001D15D3 /* unzip.h */,
				502C25201717C409001D15D3 /* zip.c */,
				502C25211717C409001D15D3 /* zip.h */,
			);
			path = minizip;
			sourceTree = "<group>";
		};
		503AB00017172620000B5E83 = {
			isa = PBXGroup;
			children = (
				502C252B1717C5BB001D15D3 /* libz.1.2.5.dylib */,
				503AB01217172620000B5E83 /* DownloadZip */,
				503AB00B17172620000B5E83 /* Frameworks */,
				503AB00A17172620000B5E83 /* Products */,
			);
			sourceTree = "<group>";
		};
		503AB00A17172620000B5E83 /* Products */ = {
			isa = PBXGroup;
			children = (
				503AB00917172620000B5E83 /* DownloadZip.app */,
			);
			name = Products;
			sourceTree = "<group>";
		};
		503AB00B17172620000B5E83 /* Frameworks */ = {
			isa = PBXGroup;
			children = (
				503AB00C17172620000B5E83 /* UIKit.framework */,
				503AB00E17172620000B5E83 /* Foundation.framework */,
				503AB01017172620000B5E83 /* CoreGraphics.framework */,
			);
			name = Frameworks;
			sourceTree = "<group>";
		};
		503AB01217172620000B5E83 /* DownloadZip */ = {
			isa = PBXGroup;
			children = (
				502C25181717C409001D15D3 /* minizip */,
				502C25221717C409001D15D3 /* ZipArchive.h */,
				502C25231717C409001D15D3 /* ZipArchive.mm */,
				503AB01B17172620000B5E83 /* AppDelegate.h */,
				503AB01C17172620000B5E83 /* AppDelegate.m */,
				503AB02417172620000B5E83 /* ViewController.h */,
				503AB02517172620000B5E83 /* ViewController.m */,
				503AB02717172620000B5E83 /* ViewController.xib */,
				503AB01317172620000B5E83 /* Supporting Files */,
			);
			path = DownloadZip;
			sourceTree = "<group>";
		};
		503AB01317172620000B5E83 /* Supporting Files */ = {
			isa = PBXGroup;
			children = (
				503AB01417172620000B5E83 /* DownloadZip-Info.plist */,
				503AB01517172620000B5E83 /* InfoPlist.strings */,
				503AB01817172620000B5E83 /* main.m */,
				503AB01A17172620000B5E83 /* DownloadZip-Prefix.pch */,
				503AB01E17172620000B5E83 /* Default.png */,
				503AB02017172620000B5E83 /* Default@2x.png */,
				503AB02217172620000B5E83 /* Default-568h@2x.png */,
			);
			name = "Supporting Files";
			sourceTree = "<group>";
		};
/* End PBXGroup section */

/* Begin PBXNativeTarget section */
		503AB00817172620000B5E83 /* DownloadZip */ = {
			isa = PBXNativeTarget;
			buildConfigurationList = 503AB02C17172620000B5E83 /* Build configuration list for PBXNativeTarget "DownloadZip" */;
			buildPhases = (
				503AB00517172620000B5E83 /* Sources */,
				503AB00617172620000B5E83 /* Frameworks */,
				503AB00717172620000B5E83 /* Resources */,
			);
			buildRules = (
			);
			dependencies = (
			);
			name = DownloadZip;
			productName = DownloadZip;
			productReference = 503AB00917172620000B5E83 /* DownloadZip.app */;
			productType = "com.apple.product-type.application";
		};
/* End PBXNativeTarget section */

/* Begin PBXProject section */
		503AB00117172620000B5E83 /* Project object */ = {
			isa = PBXProject;
			attributes = {
				LastUpgradeCheck = 0460;
				ORGANIZATIONNAME = Shinnx;
			};
			buildConfigurationList = 503AB00417172620000B5E83 /* Build configuration list for PBXProject "DownloadZip" */;
			compatibilityVersion = "Xcode 3.2";
			developmentRegion = English;
			hasScannedForEncodings = 0;
			knownRegions = (
				en,
			);
			mainGroup = 503AB00017172620000B5E83;
			productRefGroup = 503AB00A17172620000B5E83 /* Products */;
			projectDirPath = "";
			projectRoot = "";
			targets = (
				503AB00817172620000B5E83 /* DownloadZip */,
			);
		};
/* End PBXProject section */

/* Begin PBXResourcesBuildPhase section */
		503AB00717172620000B5E83 /* Resources */ = {
			isa = PBXResourcesBuildPhase;
			buildActionMask = 2147483647;
			files = (
				503AB01717172620000B5E83 /* InfoPlist.strings in Resources */,
				503AB01F17172620000B5E83 /* Default.png in Resources */,
				503AB02117172620000B5E83 /* Default@2x.png in Resources */,
				503AB02317172620000B5E83 /* Default-568h@2x.png in Resources */,
				503AB02917172620000B5E83 /* ViewController.xib in Resources */,
			);
			runOnlyForDeploymentPostprocessing = 0;
		};
/* End PBXResourcesBuildPhase section */

/* Begin PBXSourcesBuildPhase section */
		503AB00517172620000B5E83 /* Sources */ = {
			isa = PBXSourcesBuildPhase;
			buildActionMask = 2147483647;
			files = (
				503AB01917172620000B5E83 /* main.m in Sources */,
				503AB01D17172620000B5E83 /* AppDelegate.m in Sources */,
				503AB02617172620000B5E83 /* ViewController.m in Sources */,
				502C25241717C409001D15D3 /* ioapi.c in Sources */,
				502C25251717C409001D15D3 /* mztools.c in Sources */,
				502C25261717C409001D15D3 /* unzip.c in Sources */,
				502C25271717C409001D15D3 /* zip.c in Sources */,
				502C25281717C409001D15D3 /* ZipArchive.mm in Sources */,
			);
			runOnlyForDeploymentPostprocessing = 0;
		};
/* End PBXSourcesBuildPhase section */

/* Begin PBXVariantGroup section */
		503AB01517172620000B5E83 /* InfoPlist.strings */ = {
			isa = PBXVariantGroup;
			children = (
				503AB01617172620000B5E83 /* en */,
			);
			name = InfoPlist.strings;
			sourceTree = "<group>";
		};
		503AB02717172620000B5E83 /* ViewController.xib */ = {
			isa = PBXVariantGroup;
			children = (
				503AB02817172620000B5E83 /* en */,
			);
			name = ViewController.xib;
			sourceTree = "<group>";
		};
/* End PBXVariantGroup section */

/* Begin XCBuildConfiguration section */
		503AB02A17172620000B5E83 /* Debug */ = {
			isa = XCBuildConfiguration;
			buildSettings = {
				ALWAYS_SEARCH_USER_PATHS = NO;
				CLANG_CXX_LANGUAGE_STANDARD = "gnu++0x";
				CLANG_CXX_LIBRARY = "libc++";
				CLANG_WARN_CONSTANT_CONVERSION = YES;
				CLANG_WARN_EMPTY_BODY = YES;
				CLANG_WARN_ENUM_CONVERSION = YES;
				CLANG_WARN_INT_CONVERSION = YES;
				CLANG_WARN__DUPLICATE_METHOD_MATCH = YES;
				"CODE_SIGN_IDENTITY[sdk=iphoneos*]" = "iPhone Developer";
				COPY_PHASE_STRIP = NO;
				GCC_C_LANGUAGE_STANDARD = gnu99;
				GCC_DYNAMIC_NO_PIC = NO;
				GCC_OPTIMIZATION_LEVEL = 0;
				GCC_PREPROCESSOR_DEFINITIONS = (
					"DEBUG=1",
					"$(inherited)",
				);
				GCC_SYMBOLS_PRIVATE_EXTERN = NO;
				GCC_WARN_ABOUT_RETURN_TYPE = YES;
				GCC_WARN_UNINITIALIZED_AUTOS = YES;
				GCC_WARN_UNUSED_VARIABLE = YES;
				IPHONEOS_DEPLOYMENT_TARGET = 6.1;
				ONLY_ACTIVE_ARCH = YES;
				SDKROOT = iphoneos;
			};
			name = Debug;
		};
		503AB02B17172620000B5E83 /* Release */ = {
			isa = XCBuildConfiguration;
			buildSettings = {
				ALWAYS_SEARCH_USER_PATHS = NO;
				CLANG_CXX_LANGUAGE_STANDARD = "gnu++0x";
				CLANG_CXX_LIBRARY = "libc++";
				CLANG_WARN_CONSTANT_CONVERSION = YES;
				CLANG_WARN_EMPTY_BODY = YES;
				CLANG_WARN_ENUM_CONVERSION = YES;
				CLANG_WARN_INT_CONVERSION = YES;
				CLANG_WARN__DUPLICATE_METHOD_MATCH = YES;
				"CODE_SIGN_IDENTITY[sdk=iphoneos*]" = "iPhone Developer";
				COPY_PHASE_STRIP = YES;
				GCC_C_LANGUAGE_STANDARD = gnu99;
				GCC_WARN_ABOUT_RETURN_TYPE = YES;
				GCC_WARN_UNINITIALIZED_AUTOS = YES;
				GCC_WARN_UNUSED_VARIABLE = YES;
				IPHONEOS_DEPLOYMENT_TARGET = 6.1;
				OTHER_CFLAGS = "-DNS_BLOCK_ASSERTIONS=1";
				SDKROOT = iphoneos;
				VALIDATE_PRODUCT = YES;
			};
			name = Release;
		};
		503AB02D17172620000B5E83 /* Debug */ = {
			isa = XCBuildConfiguration;
			buildSettings = {
				GCC_PRECOMPILE_PREFIX_HEADER = YES;
				GCC_PREFIX_HEADER = "DownloadZip/DownloadZip-Prefix.pch";
				INFOPLIST_FILE = "DownloadZip/DownloadZip-Info.plist";
				PRODUCT_NAME = "$(TARGET_NAME)";
				WRAPPER_EXTENSION = app;
			};
			name = Debug;
		};
		503AB02E17172620000B5E83 /* Release */ = {
			isa = XCBuildConfiguration;
			buildSettings = {
				GCC_PRECOMPILE_PREFIX_HEADER = YES;
				GCC_PREFIX_HEADER = "DownloadZip/DownloadZip-Prefix.pch";
				INFOPLIST_FILE = "DownloadZip/DownloadZip-Info.plist";
				PRODUCT_NAME = "$(TARGET_NAME)";
				WRAPPER_EXTENSION = app;
			};
			name = Release;
		};
/* End XCBuildConfiguration section */

/* Begin XCConfigurationList section */
		503AB00417172620000B5E83 /* Build configuration list for PBXProject "DownloadZip" */ = {
			isa = XCConfigurationList;
			buildConfigurations = (
				503AB02A17172620000B5E83 /* Debug */,
				503AB02B17172620000B5E83 /* Release */,
			);
			defaultConfigurationIsVisible = 0;
			defaultConfigurationName = Release;
		};
		503AB02C17172620000B5E83 /* Build configuration list for PBXNativeTarget "DownloadZip" */ = {
			isa = XCConfigurationList;
			buildConfigurations = (
				503AB02D17172620000B5E83 /* Debug */,
				503AB02E17172620000B5E83 /* Release */,
			);
			defaultConfigurationIsVisible = 0;
			defaultConfigurationName = Release;
		};
/* End XCConfigurationList section */
	};
	rootObject = 503AB00117172620000B5E83 /* Project object */;
}
